
Microsoft Visual Studio Solution File, Format Version 12.00
Project("{FAE04EC0-301F-11D3-BF4B-00C04F79EFBC}") = "AbstractFactory", "AbstractFactory\AbstractFactory.csproj", "{66DE57EB-B85A-49EB-8FD4-C783583A1011}"
EndProject
Project("{FAE04EC0-301F-11D3-BF4B-00C04F79EFBC}") = "Builder", "Builder\Builder.csproj", "{A81904BA-A493-4327-9714-A4113F904C34}"
EndProject
Project("{FAE04EC0-301F-11D3-BF4B-00C04F79EFBC}") = "FactoryMethod", "FactoryMethod\FactoryMethod.csproj", "{EBD7B267-2C8D-4CCD-9853-AD89ECEE10EF}"
EndProject
Project("{FAE04EC0-301F-11D3-BF4B-00C04F79EFBC}") = "Prototype", "Prototype\Prototype.csproj", "{54C6A660-CBBC-4808-818B-22158C2C9D81}"
EndProject
Project("{FAE04EC0-301F-11D3-BF4B-00C04F79EFBC}") = "Singleton", "Singleton\Singleton.csproj", "{05AB45D5-BE61-4505-BA00-EEA9FDA556C9}"
EndProject
Project("{2150E333-8FDC-42A3-9474-1A3956D46DE8}") = "Creational Patterns", "Creational Patterns", "{C7CF51AB-C8F8-4710-86CB-FD8F90471AF7}"
EndProject
Project("{2150E333-8FDC-42A3-9474-1A3956D46DE8}") = "Structural Patterns", "Structural Patterns", "{92467871-D767-4838-94DC-1CAED4C0DFD9}"
EndProject
Project("{FAE04EC0-301F-11D3-BF4B-00C04F79EFBC}") = "Adapter", "Adapter\Adapter.csproj", "{B7C24B1F-E50F-402A-BA17-7F4B3D7E61BE}"
EndProject
Project("{FAE04EC0-301F-11D3-BF4B-00C04F79EFBC}") = "Bridge", "Bridge\Bridge.csproj", "{15CD382B-573C-4075-A331-1BAE1BA21847}"
EndProject
Project("{FAE04EC0-301F-11D3-BF4B-00C04F79EFBC}") = "Composite", "Composite\Composite.csproj", "{6CFCB320-B0F9-41CC-AF3E-451955D0B881}"
EndProject
Project("{FAE04EC0-301F-11D3-BF4B-00C04F79EFBC}") = "Decorator", "Decorator\Decorator.csproj", "{15F0B97B-C9AE-4491-B6C2-4EE7D2243AA0}"
EndProject
Project("{FAE04EC0-301F-11D3-BF4B-00C04F79EFBC}") = "Facade", "Facade\Facade.csproj", "{45ABF802-09E9-4EF5-AF9E-3778DF7092A1}"
EndProject
Project("{FAE04EC0-301F-11D3-BF4B-00C04F79EFBC}") = "Flyweight", "Flyweight\Flyweight.csproj", "{A03FA1EC-3C5E-4D9B-8FE8-85F65442593D}"
EndProject
Global
	GlobalSection(SolutionConfigurationPlatforms) = preSolution
		Debug|Any CPU = Debug|Any CPU
		Release|Any CPU = Release|Any CPU
	EndGlobalSection
	GlobalSection(ProjectConfigurationPlatforms) = postSolution
		{66DE57EB-B85A-49EB-8FD4-C783583A1011}.Debug|Any CPU.ActiveCfg = Debug|Any CPU
		{66DE57EB-B85A-49EB-8FD4-C783583A1011}.Debug|Any CPU.Build.0 = Debug|Any CPU
		{66DE57EB-B85A-49EB-8FD4-C783583A1011}.Release|Any CPU.ActiveCfg = Release|Any CPU
		{66DE57EB-B85A-49EB-8FD4-C783583A1011}.Release|Any CPU.Build.0 = Release|Any CPU
		{A81904BA-A493-4327-9714-A4113F904C34}.Debug|Any CPU.ActiveCfg = Debug|Any CPU
		{A81904BA-A493-4327-9714-A4113F904C34}.Debug|Any CPU.Build.0 = Debug|Any CPU
		{A81904BA-A493-4327-9714-A4113F904C34}.Release|Any CPU.ActiveCfg = Release|Any CPU
		{A81904BA-A493-4327-9714-A4113F904C34}.Release|Any CPU.Build.0 = Release|Any CPU
		{EBD7B267-2C8D-4CCD-9853-AD89ECEE10EF}.Debug|Any CPU.ActiveCfg = Debug|Any CPU
		{EBD7B267-2C8D-4CCD-9853-AD89ECEE10EF}.Debug|Any CPU.Build.0 = Debug|Any CPU
		{EBD7B267-2C8D-4CCD-9853-AD89ECEE10EF}.Release|Any CPU.ActiveCfg = Release|Any CPU
		{EBD7B267-2C8D-4CCD-9853-AD89ECEE10EF}.Release|Any CPU.Build.0 = Release|Any CPU
		{54C6A660-CBBC-4808-818B-22158C2C9D81}.Debug|Any CPU.ActiveCfg = Debug|Any CPU
		{54C6A660-CBBC-4808-818B-22158C2C9D81}.Debug|Any CPU.Build.0 = Debug|Any CPU
		{54C6A660-CBBC-4808-818B-22158C2C9D81}.Release|Any CPU.ActiveCfg = Release|Any CPU
		{54C6A660-CBBC-4808-818B-22158C2C9D81}.Release|Any CPU.Build.0 = Release|Any CPU
		{05AB45D5-BE61-4505-BA00-EEA9FDA556C9}.Debug|Any CPU.ActiveCfg = Debug|Any CPU
		{05AB45D5-BE61-4505-BA00-EEA9FDA556C9}.Debug|Any CPU.Build.0 = Debug|Any CPU
		{05AB45D5-BE61-4505-BA00-EEA9FDA556C9}.Release|Any CPU.ActiveCfg = Release|Any CPU
		{05AB45D5-BE61-4505-BA00-EEA9FDA556C9}.Release|Any CPU.Build.0 = Release|Any CPU
		{B7C24B1F-E50F-402A-BA17-7F4B3D7E61BE}.Debug|Any CPU.ActiveCfg = Debug|Any CPU
		{B7C24B1F-E50F-402A-BA17-7F4B3D7E61BE}.Debug|Any CPU.Build.0 = Debug|Any CPU
		{B7C24B1F-E50F-402A-BA17-7F4B3D7E61BE}.Release|Any CPU.ActiveCfg = Release|Any CPU
		{B7C24B1F-E50F-402A-BA17-7F4B3D7E61BE}.Release|Any CPU.Build.0 = Release|Any CPU
		{15CD382B-573C-4075-A331-1BAE1BA21847}.Debug|Any CPU.ActiveCfg = Debug|Any CPU
		{15CD382B-573C-4075-A331-1BAE1BA21847}.Debug|Any CPU.Build.0 = Debug|Any CPU
		{15CD382B-573C-4075-A331-1BAE1BA21847}.Release|Any CPU.ActiveCfg = Release|Any CPU
		{15CD382B-573C-4075-A331-1BAE1BA21847}.Release|Any CPU.Build.0 = Release|Any CPU
		{6CFCB320-B0F9-41CC-AF3E-451955D0B881}.Debug|Any CPU.ActiveCfg = Debug|Any CPU
		{6CFCB320-B0F9-41CC-AF3E-451955D0B881}.Debug|Any CPU.Build.0 = Debug|Any CPU
		{6CFCB320-B0F9-41CC-AF3E-451955D0B881}.Release|Any CPU.ActiveCfg = Release|Any CPU
		{6CFCB320-B0F9-41CC-AF3E-451955D0B881}.Release|Any CPU.Build.0 = Release|Any CPU
		{15F0B97B-C9AE-4491-B6C2-4EE7D2243AA0}.Debug|Any CPU.ActiveCfg = Debug|Any CPU
		{15F0B97B-C9AE-4491-B6C2-4EE7D2243AA0}.Debug|Any CPU.Build.0 = Debug|Any CPU
		{15F0B97B-C9AE-4491-B6C2-4EE7D2243AA0}.Release|Any CPU.ActiveCfg = Release|Any CPU
		{15F0B97B-C9AE-4491-B6C2-4EE7D2243AA0}.Release|Any CPU.Build.0 = Release|Any CPU
		{45ABF802-09E9-4EF5-AF9E-3778DF7092A1}.Debug|Any CPU.ActiveCfg = Debug|Any CPU
		{45ABF802-09E9-4EF5-AF9E-3778DF7092A1}.Debug|Any CPU.Build.0 = Debug|Any CPU
		{45ABF802-09E9-4EF5-AF9E-3778DF7092A1}.Release|Any CPU.ActiveCfg = Release|Any CPU
		{45ABF802-09E9-4EF5-AF9E-3778DF7092A1}.Release|Any CPU.Build.0 = Release|Any CPU
		{A03FA1EC-3C5E-4D9B-8FE8-85F65442593D}.Debug|Any CPU.ActiveCfg = Debug|Any CPU
		{A03FA1EC-3C5E-4D9B-8FE8-85F65442593D}.Debug|Any CPU.Build.0 = Debug|Any CPU
		{A03FA1EC-3C5E-4D9B-8FE8-85F65442593D}.Release|Any CPU.ActiveCfg = Release|Any CPU
		{A03FA1EC-3C5E-4D9B-8FE8-85F65442593D}.Release|Any CPU.Build.0 = Release|Any CPU
	EndGlobalSection
	GlobalSection(NestedProjects) = preSolution
		{66DE57EB-B85A-49EB-8FD4-C783583A1011} = {C7CF51AB-C8F8-4710-86CB-FD8F90471AF7}
		{A81904BA-A493-4327-9714-A4113F904C34} = {C7CF51AB-C8F8-4710-86CB-FD8F90471AF7}
		{EBD7B267-2C8D-4CCD-9853-AD89ECEE10EF} = {C7CF51AB-C8F8-4710-86CB-FD8F90471AF7}
		{54C6A660-CBBC-4808-818B-22158C2C9D81} = {C7CF51AB-C8F8-4710-86CB-FD8F90471AF7}
		{05AB45D5-BE61-4505-BA00-EEA9FDA556C9} = {C7CF51AB-C8F8-4710-86CB-FD8F90471AF7}
		{B7C24B1F-E50F-402A-BA17-7F4B3D7E61BE} = {92467871-D767-4838-94DC-1CAED4C0DFD9}
		{15CD382B-573C-4075-A331-1BAE1BA21847} = {92467871-D767-4838-94DC-1CAED4C0DFD9}
		{6CFCB320-B0F9-41CC-AF3E-451955D0B881} = {92467871-D767-4838-94DC-1CAED4C0DFD9}
		{15F0B97B-C9AE-4491-B6C2-4EE7D2243AA0} = {92467871-D767-4838-94DC-1CAED4C0DFD9}
		{45ABF802-09E9-4EF5-AF9E-3778DF7092A1} = {92467871-D767-4838-94DC-1CAED4C0DFD9}
		{A03FA1EC-3C5E-4D9B-8FE8-85F65442593D} = {92467871-D767-4838-94DC-1CAED4C0DFD9}
	EndGlobalSection
EndGlobal
